
Microsoft Visual Studio Solution File, Format Version 12.00
# Visual Studio Version 16
VisualStudioVersion = 16.0.31321.278
MinimumVisualStudioVersion = 10.0.40219.1
Project("{FAE04EC0-301F-11D3-BF4B-00C04F79EFBC}") = "Movies.API", "Movies.API\Movies.API.csproj", "{C289E72A-E045-4DCC-83B8-7E285C564CF8}"
EndProject
Global
	GlobalSection(SolutionConfigurationPlatforms) = preSolution
		Debug|Any CPU = Debug|Any CPU
		Release|Any CPU = Release|Any CPU
	EndGlobalSection
	GlobalSection(ProjectConfigurationPlatforms) = postSolution
		{C289E72A-E045-4DCC-83B8-7E285C564CF8}.Debug|Any CPU.ActiveCfg = Debug|Any CPU
		{C289E72A-E045-4DCC-83B8-7E285C564CF8}.Debug|Any CPU.Build.0 = Debug|Any CPU
		{C289E72A-E045-4DCC-83B8-7E285C564CF8}.Release|Any CPU.ActiveCfg = Release|Any CPU
		{C289E72A-E045-4DCC-83B8-7E285C564CF8}.Release|Any CPU.Build.0 = Release|Any CPU
	EndGlobalSection
	GlobalSection(SolutionProperties) = preSolution
		HideSolutionNode = FALSE
	EndGlobalSection
	GlobalSection(ExtensibilityGlobals) = postSolution
		SolutionGuid = {DBD6293F-B870-4FC3-8703-F2BC4BF7E869}
	EndGlobalSection
EndGlobal
